
Microsoft Visual Studio Solution File, Format Version 12.00
# Visual Studio Version 17
VisualStudioVersion = 17.14.36109.1
MinimumVisualStudioVersion = 10.0.40219.1
Project("{2150E333-8FDC-42A3-9474-1A3956D46DE8}") = "Aspire", "Aspire", "{02EA681E-C7D8-13C7-8484-4AC65E1B71E8}"
EndProject
Project("{2150E333-8FDC-42A3-9474-1A3956D46DE8}") = "Services", "Services", "{6B859538-E5F8-4983-A012-492FDE0D7376}"
EndProject
Project("{2150E333-8FDC-42A3-9474-1A3956D46DE8}") = "FrontEnd", "FrontEnd", "{38203D4E-3F69-46D3-8965-7C1D21B3EA3E}"
EndProject
Project("{FAE04EC0-301F-11D3-BF4B-00C04F79EFBC}") = "AppHost.AppHost", "Aspire\AppHost\AppHost.AppHost\AppHost.AppHost.csproj", "{BE1CDE28-CF43-4668-B5F8-E9D8655F2569}"
EndProject
Project("{FAE04EC0-301F-11D3-BF4B-00C04F79EFBC}") = "AppHost.ServiceDefaults", "Aspire\AppHost\AppHost.ServiceDefaults\AppHost.ServiceDefaults.csproj", "{544F8252-70BA-B0D7-09BF-166DFF30897E}"
EndProject
Project("{2150E333-8FDC-42A3-9474-1A3956D46DE8}") = "Identity", "Identity", "{6E04D478-6A3A-41A2-BBF2-7DFDE0587D00}"
EndProject
Project("{FAE04EC0-301F-11D3-BF4B-00C04F79EFBC}") = "IdentityAPI", "Services\Identity\IdentityAPI\IdentityAPI.csproj", "{C50FDD50-5737-8335-3066-CD33DDD2A91F}"
EndProject
Project("{2150E333-8FDC-42A3-9474-1A3956D46DE8}") = "ApiGateWay", "ApiGateWay", "{CA523753-3743-4B05-B848-228043CEC67F}"
EndProject
Project("{2150E333-8FDC-42A3-9474-1A3956D46DE8}") = "Notification", "Notification", "{FF379ABC-BF88-4D4E-A41C-6698B93BD15A}"
EndProject
Project("{FAE04EC0-301F-11D3-BF4B-00C04F79EFBC}") = "ApiGateWayAPI", "ApiGateWay\ApiGateWayAPI\ApiGateWayAPI.csproj", "{146CA093-29FD-8065-AF1F-779F31DB5CA9}"
EndProject
Project("{2150E333-8FDC-42A3-9474-1A3956D46DE8}") = "BuildingBlocks", "BuildingBlocks", "{0EBABAA6-2BA1-474C-93B0-67A0A2347C61}"
EndProject
Project("{FAE04EC0-301F-11D3-BF4B-00C04F79EFBC}") = "BuildingBlocks", "BuildingBlocks\BuildingBlocks.csproj", "{4D8B6B87-1137-4951-B711-EE7949E3715A}"
EndProject
Project("{FAE04EC0-301F-11D3-BF4B-00C04F79EFBC}") = "NotificationAPI", "Services\Notification\NotificationAPI\NotificationAPI.csproj", "{42096F44-66BE-9DB4-8AA5-E1ADB193529C}"
EndProject
Project("{FAE04EC0-301F-11D3-BF4B-00C04F79EFBC}") = "Notification", "Services\Notification\Notification\Notification.csproj", "{96D3BDE2-95C0-413E-81D1-999D1FEE0EAC}"
EndProject
Global
	GlobalSection(SolutionConfigurationPlatforms) = preSolution
		Debug|Any CPU = Debug|Any CPU
		Release|Any CPU = Release|Any CPU
	EndGlobalSection
	GlobalSection(ProjectConfigurationPlatforms) = postSolution
		{BE1CDE28-CF43-4668-B5F8-E9D8655F2569}.Debug|Any CPU.ActiveCfg = Debug|Any CPU
		{BE1CDE28-CF43-4668-B5F8-E9D8655F2569}.Debug|Any CPU.Build.0 = Debug|Any CPU
		{BE1CDE28-CF43-4668-B5F8-E9D8655F2569}.Release|Any CPU.ActiveCfg = Release|Any CPU
		{BE1CDE28-CF43-4668-B5F8-E9D8655F2569}.Release|Any CPU.Build.0 = Release|Any CPU
		{544F8252-70BA-B0D7-09BF-166DFF30897E}.Debug|Any CPU.ActiveCfg = Debug|Any CPU
		{544F8252-70BA-B0D7-09BF-166DFF30897E}.Debug|Any CPU.Build.0 = Debug|Any CPU
		{544F8252-70BA-B0D7-09BF-166DFF30897E}.Release|Any CPU.ActiveCfg = Release|Any CPU
		{544F8252-70BA-B0D7-09BF-166DFF30897E}.Release|Any CPU.Build.0 = Release|Any CPU
		{C50FDD50-5737-8335-3066-CD33DDD2A91F}.Debug|Any CPU.ActiveCfg = Debug|Any CPU
		{C50FDD50-5737-8335-3066-CD33DDD2A91F}.Debug|Any CPU.Build.0 = Debug|Any CPU
		{C50FDD50-5737-8335-3066-CD33DDD2A91F}.Release|Any CPU.ActiveCfg = Release|Any CPU
		{C50FDD50-5737-8335-3066-CD33DDD2A91F}.Release|Any CPU.Build.0 = Release|Any CPU
		{146CA093-29FD-8065-AF1F-779F31DB5CA9}.Debug|Any CPU.ActiveCfg = Debug|Any CPU
		{146CA093-29FD-8065-AF1F-779F31DB5CA9}.Debug|Any CPU.Build.0 = Debug|Any CPU
		{146CA093-29FD-8065-AF1F-779F31DB5CA9}.Release|Any CPU.ActiveCfg = Release|Any CPU
		{146CA093-29FD-8065-AF1F-779F31DB5CA9}.Release|Any CPU.Build.0 = Release|Any CPU
		{4D8B6B87-1137-4951-B711-EE7949E3715A}.Debug|Any CPU.ActiveCfg = Debug|Any CPU
		{4D8B6B87-1137-4951-B711-EE7949E3715A}.Debug|Any CPU.Build.0 = Debug|Any CPU
		{4D8B6B87-1137-4951-B711-EE7949E3715A}.Release|Any CPU.ActiveCfg = Release|Any CPU
		{4D8B6B87-1137-4951-B711-EE7949E3715A}.Release|Any CPU.Build.0 = Release|Any CPU
		{42096F44-66BE-9DB4-8AA5-E1ADB193529C}.Debug|Any CPU.ActiveCfg = Debug|Any CPU
		{42096F44-66BE-9DB4-8AA5-E1ADB193529C}.Debug|Any CPU.Build.0 = Debug|Any CPU
		{42096F44-66BE-9DB4-8AA5-E1ADB193529C}.Release|Any CPU.ActiveCfg = Release|Any CPU
		{42096F44-66BE-9DB4-8AA5-E1ADB193529C}.Release|Any CPU.Build.0 = Release|Any CPU
		{96D3BDE2-95C0-413E-81D1-999D1FEE0EAC}.Debug|Any CPU.ActiveCfg = Debug|Any CPU
		{96D3BDE2-95C0-413E-81D1-999D1FEE0EAC}.Debug|Any CPU.Build.0 = Debug|Any CPU
		{96D3BDE2-95C0-413E-81D1-999D1FEE0EAC}.Release|Any CPU.ActiveCfg = Release|Any CPU
		{96D3BDE2-95C0-413E-81D1-999D1FEE0EAC}.Release|Any CPU.Build.0 = Release|Any CPU
	EndGlobalSection
	GlobalSection(SolutionProperties) = preSolution
		HideSolutionNode = FALSE
	EndGlobalSection
	GlobalSection(NestedProjects) = preSolution
		{BE1CDE28-CF43-4668-B5F8-E9D8655F2569} = {02EA681E-C7D8-13C7-8484-4AC65E1B71E8}
		{544F8252-70BA-B0D7-09BF-166DFF30897E} = {02EA681E-C7D8-13C7-8484-4AC65E1B71E8}
		{6E04D478-6A3A-41A2-BBF2-7DFDE0587D00} = {6B859538-E5F8-4983-A012-492FDE0D7376}
		{C50FDD50-5737-8335-3066-CD33DDD2A91F} = {6E04D478-6A3A-41A2-BBF2-7DFDE0587D00}
		{CA523753-3743-4B05-B848-228043CEC67F} = {6B859538-E5F8-4983-A012-492FDE0D7376}
		{FF379ABC-BF88-4D4E-A41C-6698B93BD15A} = {6B859538-E5F8-4983-A012-492FDE0D7376}
		{146CA093-29FD-8065-AF1F-779F31DB5CA9} = {CA523753-3743-4B05-B848-228043CEC67F}
		{4D8B6B87-1137-4951-B711-EE7949E3715A} = {0EBABAA6-2BA1-474C-93B0-67A0A2347C61}
		{42096F44-66BE-9DB4-8AA5-E1ADB193529C} = {FF379ABC-BF88-4D4E-A41C-6698B93BD15A}
		{96D3BDE2-95C0-413E-81D1-999D1FEE0EAC} = {FF379ABC-BF88-4D4E-A41C-6698B93BD15A}
	EndGlobalSection
	GlobalSection(ExtensibilityGlobals) = postSolution
		SolutionGuid = {E043DE93-35DA-4432-8C5B-6F3108E571AD}
	EndGlobalSection
EndGlobal
